
Microsoft Visual Studio Solution File, Format Version 12.00
# Visual Studio Version 16
VisualStudioVersion = 16.0.31624.102
MinimumVisualStudioVersion = 10.0.40219.1
Project("{9A19103F-16F7-4668-BE54-9A1E7A4F7556}") = "API", "API\API.csproj", "{AF1C8A73-D777-4841-823F-3F384D5ABB07}"
EndProject
Project("{9A19103F-16F7-4668-BE54-9A1E7A4F7556}") = "REPOSITORIO", "REPOSITORIO\REPOSITORIO.csproj", "{87CC9082-20B9-47C6-B90C-952D398ECEE5}"
EndProject
Project("{9A19103F-16F7-4668-BE54-9A1E7A4F7556}") = "Hogwarts", "Hogwarts\Hogwarts.csproj", "{D3C6BC30-939F-499E-ADF5-31BB94A67EED}"
EndProject
Project("{9A19103F-16F7-4668-BE54-9A1E7A4F7556}") = "UTILES", "UTILES\UTILES.csproj", "{CED198E0-48D7-4964-BD1A-F920CB3CC715}"
EndProject
Project("{FAE04EC0-301F-11D3-BF4B-00C04F79EFBC}") = "MODELOS", "MODELOS\MODELOS.csproj", "{DD84D597-DDE8-43FC-B542-A00872C1CFCF}"
EndProject
Project("{FAE04EC0-301F-11D3-BF4B-00C04F79EFBC}") = "ACCESO", "ACCESO\ACCESO.csproj", "{D4F4393F-9F2E-428A-97A6-5E419372FCE8}"
EndProject
Global
	GlobalSection(SolutionConfigurationPlatforms) = preSolution
		Debug|Any CPU = Debug|Any CPU
		Release|Any CPU = Release|Any CPU
	EndGlobalSection
	GlobalSection(ProjectConfigurationPlatforms) = postSolution
		{AF1C8A73-D777-4841-823F-3F384D5ABB07}.Debug|Any CPU.ActiveCfg = Debug|Any CPU
		{AF1C8A73-D777-4841-823F-3F384D5ABB07}.Debug|Any CPU.Build.0 = Debug|Any CPU
		{AF1C8A73-D777-4841-823F-3F384D5ABB07}.Release|Any CPU.ActiveCfg = Release|Any CPU
		{AF1C8A73-D777-4841-823F-3F384D5ABB07}.Release|Any CPU.Build.0 = Release|Any CPU
		{87CC9082-20B9-47C6-B90C-952D398ECEE5}.Debug|Any CPU.ActiveCfg = Debug|Any CPU
		{87CC9082-20B9-47C6-B90C-952D398ECEE5}.Debug|Any CPU.Build.0 = Debug|Any CPU
		{87CC9082-20B9-47C6-B90C-952D398ECEE5}.Release|Any CPU.ActiveCfg = Release|Any CPU
		{87CC9082-20B9-47C6-B90C-952D398ECEE5}.Release|Any CPU.Build.0 = Release|Any CPU
		{D3C6BC30-939F-499E-ADF5-31BB94A67EED}.Debug|Any CPU.ActiveCfg = Debug|Any CPU
		{D3C6BC30-939F-499E-ADF5-31BB94A67EED}.Debug|Any CPU.Build.0 = Debug|Any CPU
		{D3C6BC30-939F-499E-ADF5-31BB94A67EED}.Release|Any CPU.ActiveCfg = Release|Any CPU
		{D3C6BC30-939F-499E-ADF5-31BB94A67EED}.Release|Any CPU.Build.0 = Release|Any CPU
		{CED198E0-48D7-4964-BD1A-F920CB3CC715}.Debug|Any CPU.ActiveCfg = Debug|Any CPU
		{CED198E0-48D7-4964-BD1A-F920CB3CC715}.Debug|Any CPU.Build.0 = Debug|Any CPU
		{CED198E0-48D7-4964-BD1A-F920CB3CC715}.Release|Any CPU.ActiveCfg = Release|Any CPU
		{CED198E0-48D7-4964-BD1A-F920CB3CC715}.Release|Any CPU.Build.0 = Release|Any CPU
		{DD84D597-DDE8-43FC-B542-A00872C1CFCF}.Debug|Any CPU.ActiveCfg = Debug|Any CPU
		{DD84D597-DDE8-43FC-B542-A00872C1CFCF}.Debug|Any CPU.Build.0 = Debug|Any CPU
		{DD84D597-DDE8-43FC-B542-A00872C1CFCF}.Release|Any CPU.ActiveCfg = Release|Any CPU
		{DD84D597-DDE8-43FC-B542-A00872C1CFCF}.Release|Any CPU.Build.0 = Release|Any CPU
		{D4F4393F-9F2E-428A-97A6-5E419372FCE8}.Debug|Any CPU.ActiveCfg = Debug|Any CPU
		{D4F4393F-9F2E-428A-97A6-5E419372FCE8}.Debug|Any CPU.Build.0 = Debug|Any CPU
		{D4F4393F-9F2E-428A-97A6-5E419372FCE8}.Release|Any CPU.ActiveCfg = Release|Any CPU
		{D4F4393F-9F2E-428A-97A6-5E419372FCE8}.Release|Any CPU.Build.0 = Release|Any CPU
	EndGlobalSection
	GlobalSection(SolutionProperties) = preSolution
		HideSolutionNode = FALSE
	EndGlobalSection
	GlobalSection(ExtensibilityGlobals) = postSolution
		SolutionGuid = {913980D7-22F2-4273-9FD7-A9258888359B}
	EndGlobalSection
EndGlobal
